// !$*UTF8*$!
{
	archiveVersion = 1;
	classes = {
	};
	objectVersion = 50;
	objects = {

/* Begin PBXFileReference section */
		41848B99231EC2C600B9A86F /* src */ = {isa = PBXFileReference; lastKnownFileType = folder; path = src; sourceTree = "<group>"; };
		41848B9A231EC2C600B9A86F /* include */ = {isa = PBXFileReference; lastKnownFileType = folder; path = include; sourceTree = "<group>"; };
		41848B9B231EC2C600B9A86F /* main.c */ = {isa = PBXFileReference; lastKnownFileType = sourcecode.c.c; path = main.c; sourceTree = "<group>"; };
		41848B9C231EC2C600B9A86F /* Makefile */ = {isa = PBXFileReference; lastKnownFileType = sourcecode.make; path = Makefile; sourceTree = "<group>"; };
/* End PBXFileReference section */

/* Begin PBXGroup section */
		41848B92231EC0A700B9A86F = {
			isa = PBXGroup;
			children = (
				41848B9A231EC2C600B9A86F /* include */,
				41848B9B231EC2C600B9A86F /* main.c */,
				41848B9C231EC2C600B9A86F /* Makefile */,
				41848B99231EC2C600B9A86F /* src */,
			);
			sourceTree = "<group>";
		};
/* End PBXGroup section */

/* Begin PBXProject section */
		41848B93231EC0A700B9A86F /* Project object */ = {
			isa = PBXProject;
			attributes = {
				LastUpgradeCheck = 1010;
			};
			buildConfigurationList = 41848B96231EC0A700B9A86F /* Build configuration list for PBXProject "newDigitizer" */;
			compatibilityVersion = "Xcode 9.3";
			developmentRegion = en;
			hasScannedForEncodings = 0;
			knownRegions = (
				en,
			);
			mainGroup = 41848B92231EC0A700B9A86F;
			projectDirPath = "";
			projectRoot = "";
			targets = (
			);
		};
/* End PBXProject section */

/* Begin XCBuildConfiguration section */
		41848B97231EC0A800B9A86F /* Debug */ = {
			isa = XCBuildConfiguration;
			buildSettings = {
			};
			name = Debug;
		};
		41848B98231EC0A800B9A86F /* Release */ = {
			isa = XCBuildConfiguration;
			buildSettings = {
			};
			name = Release;
		};
/* End XCBuildConfiguration section */

/* Begin XCConfigurationList section */
		41848B96231EC0A700B9A86F /* Build configuration list for PBXProject "newDigitizer" */ = {
			isa = XCConfigurationList;
			buildConfigurations = (
				41848B97231EC0A800B9A86F /* Debug */,
				41848B98231EC0A800B9A86F /* Release */,
			);
			defaultConfigurationIsVisible = 0;
			defaultConfigurationName = Release;
		};
/* End XCConfigurationList section */
	};
	rootObject = 41848B93231EC0A700B9A86F /* Project object */;
}
